{
  "requires": true,
  "lockfileVersion": 1,
  "dependencies": {
    "faker": {
      "version": "4.1.0",
      "resolved": "https://registry.npmjs.org/faker/-/faker-4.1.0.tgz",
      "integrity": "sha1-HkW7vsxndLPBlfrSg1EJxtdIzD8="
    },
    "lodash": {
      "version": "3.10.1",
      "resolved": "https://registry.npmjs.org/lodash/-/lodash-3.10.1.tgz",
      "integrity": "sha1-W/Rejkm6QYnhfUgnid/RW9FAt7Y="
    },
    "rand": {
      "version": "0.0.4",
      "resolved": "https://registry.npmjs.org/rand/-/rand-0.0.4.tgz",
      "integrity": "sha1-8kfrjY+pjiZAJOAzcrCikeUFP8Q="
    },
    "v4": {
      "version": "0.0.1",
      "resolved": "https://registry.npmjs.org/v4/-/v4-0.0.1.tgz",
      "integrity": "sha1-0pH2zJcbayJrQTzG49Lsd6dg1Bs=",
      "requires": {
        "lodash": "^3.10.0"
      }
    }
  }
}
